
Microsoft Visual Studio Solution File, Format Version 11.00
# Visual Studio 2010
Project("{8BC9CEB8-8B4A-11D0-8D11-00A0C91BC942}") = "Ex1", "Ex1\Ex1.vcxproj", "{43741B80-E483-4B9B-8DE2-FF3908316074}"
EndProject
Global
	GlobalSection(SolutionConfigurationPlatforms) = preSolution
		Debug|Win32 = Debug|Win32
		Release|Win32 = Release|Win32
	EndGlobalSection
	GlobalSection(ProjectConfigurationPlatforms) = postSolution
		{43741B80-E483-4B9B-8DE2-FF3908316074}.Debug|Win32.ActiveCfg = Debug|Win32
		{43741B80-E483-4B9B-8DE2-FF3908316074}.Debug|Win32.Build.0 = Debug|Win32
		{43741B80-E483-4B9B-8DE2-FF3908316074}.Release|Win32.ActiveCfg = Release|Win32
		{43741B80-E483-4B9B-8DE2-FF3908316074}.Release|Win32.Build.0 = Release|Win32
	EndGlobalSection
	GlobalSection(SolutionProperties) = preSolution
		HideSolutionNode = FALSE
	EndGlobalSection
EndGlobal
